
Microsoft Visual Studio Solution File, Format Version 12.00
# Visual Studio 2012
Project("{FAE04EC0-301F-11D3-BF4B-00C04F79EFBC}") = "Utility", "Utility\Utility.csproj", "{258F6436-ABEB-4836-9DEC-F4B2582DCCFE}"
EndProject
Project("{FAE04EC0-301F-11D3-BF4B-00C04F79EFBC}") = "Web", "Web\Web.csproj", "{2E55AEF4-A123-40B0-BD23-ACD3133A3B4C}"
EndProject
Project("{FAE04EC0-301F-11D3-BF4B-00C04F79EFBC}") = "Component", "Component\Component.csproj", "{45AE81F9-46C3-4A0E-9F06-FAE7123539C3}"
EndProject
Global
	GlobalSection(SolutionConfigurationPlatforms) = preSolution
		Debug|Any CPU = Debug|Any CPU
		Release|Any CPU = Release|Any CPU
	EndGlobalSection
	GlobalSection(ProjectConfigurationPlatforms) = postSolution
		{258F6436-ABEB-4836-9DEC-F4B2582DCCFE}.Debug|Any CPU.ActiveCfg = Debug|Any CPU
		{258F6436-ABEB-4836-9DEC-F4B2582DCCFE}.Debug|Any CPU.Build.0 = Debug|Any CPU
		{258F6436-ABEB-4836-9DEC-F4B2582DCCFE}.Release|Any CPU.ActiveCfg = Release|Any CPU
		{258F6436-ABEB-4836-9DEC-F4B2582DCCFE}.Release|Any CPU.Build.0 = Release|Any CPU
		{2E55AEF4-A123-40B0-BD23-ACD3133A3B4C}.Debug|Any CPU.ActiveCfg = Debug|Any CPU
		{2E55AEF4-A123-40B0-BD23-ACD3133A3B4C}.Debug|Any CPU.Build.0 = Debug|Any CPU
		{2E55AEF4-A123-40B0-BD23-ACD3133A3B4C}.Release|Any CPU.ActiveCfg = Release|Any CPU
		{2E55AEF4-A123-40B0-BD23-ACD3133A3B4C}.Release|Any CPU.Build.0 = Release|Any CPU
		{45AE81F9-46C3-4A0E-9F06-FAE7123539C3}.Debug|Any CPU.ActiveCfg = Debug|Any CPU
		{45AE81F9-46C3-4A0E-9F06-FAE7123539C3}.Debug|Any CPU.Build.0 = Debug|Any CPU
		{45AE81F9-46C3-4A0E-9F06-FAE7123539C3}.Release|Any CPU.ActiveCfg = Release|Any CPU
		{45AE81F9-46C3-4A0E-9F06-FAE7123539C3}.Release|Any CPU.Build.0 = Release|Any CPU
	EndGlobalSection
	GlobalSection(SolutionProperties) = preSolution
		HideSolutionNode = FALSE
	EndGlobalSection
EndGlobal
