
Microsoft Visual Studio Solution File, Format Version 12.00
# Visual Studio 2012
Project("{FAE04EC0-301F-11D3-BF4B-00C04F79EFBC}") = "Utility", "Utility\Utility.csproj", "{258F6436-ABEB-4836-9DEC-F4B2582DCCFE}"
EndProject
Global
	GlobalSection(SolutionConfigurationPlatforms) = preSolution
		Debug|Any CPU = Debug|Any CPU
		Release|Any CPU = Release|Any CPU
	EndGlobalSection
	GlobalSection(ProjectConfigurationPlatforms) = postSolution
		{258F6436-ABEB-4836-9DEC-F4B2582DCCFE}.Debug|Any CPU.ActiveCfg = Debug|Any CPU
		{258F6436-ABEB-4836-9DEC-F4B2582DCCFE}.Debug|Any CPU.Build.0 = Debug|Any CPU
		{258F6436-ABEB-4836-9DEC-F4B2582DCCFE}.Release|Any CPU.ActiveCfg = Release|Any CPU
		{258F6436-ABEB-4836-9DEC-F4B2582DCCFE}.Release|Any CPU.Build.0 = Release|Any CPU
	EndGlobalSection
	GlobalSection(SolutionProperties) = preSolution
		HideSolutionNode = FALSE
	EndGlobalSection
EndGlobal
